
Microsoft Visual Studio Solution File, Format Version 12.00
# Visual Studio Version 17
VisualStudioVersion = 17.9.34622.214
MinimumVisualStudioVersion = 10.0.40219.1
Project("{FAE04EC0-301F-11D3-BF4B-00C04F79EFBC}") = "Stack-Queue", "Stack-Queue.csproj", "{56582459-3C57-45C1-B835-2F11C37D6C02}"
EndProject
Global
	GlobalSection(SolutionConfigurationPlatforms) = preSolution
		Debug|Any CPU = Debug|Any CPU
		Release|Any CPU = Release|Any CPU
	EndGlobalSection
	GlobalSection(ProjectConfigurationPlatforms) = postSolution
		{56582459-3C57-45C1-B835-2F11C37D6C02}.Debug|Any CPU.ActiveCfg = Debug|Any CPU
		{56582459-3C57-45C1-B835-2F11C37D6C02}.Debug|Any CPU.Build.0 = Debug|Any CPU
		{56582459-3C57-45C1-B835-2F11C37D6C02}.Release|Any CPU.ActiveCfg = Release|Any CPU
		{56582459-3C57-45C1-B835-2F11C37D6C02}.Release|Any CPU.Build.0 = Release|Any CPU
	EndGlobalSection
	GlobalSection(SolutionProperties) = preSolution
		HideSolutionNode = FALSE
	EndGlobalSection
	GlobalSection(ExtensibilityGlobals) = postSolution
		SolutionGuid = {93E9FE5C-0B00-47F4-A0B5-5C8C9C71AE83}
	EndGlobalSection
EndGlobal
